
Microsoft Visual Studio Solution File, Format Version 12.00
# Visual Studio 2012
Project("{FAE04EC0-301F-11D3-BF4B-00C04F79EFBC}") = "Daisy.Terminal", "Source\Daisy.Terminal\Daisy.Terminal.csproj", "{2B83F210-EA32-4176-82C8-BCF60845E948}"
EndProject
Project("{FAE04EC0-301F-11D3-BF4B-00C04F79EFBC}") = "Daisy.Service", "Source\Daisy.Service\Daisy.Service.csproj", "{64D76C5D-F56F-4732-B100-FA1CA4AB2DA8}"
EndProject
Project("{FAE04EC0-301F-11D3-BF4B-00C04F79EFBC}") = "Daisy.Server", "Source\Daisy.Server\Daisy.Server.csproj", "{C8B30FCE-F41A-47B8-99D1-F342938B3245}"
EndProject
Project("{FAE04EC0-301F-11D3-BF4B-00C04F79EFBC}") = "Daisy.Dal", "Source\Daisy.Dal\Daisy.Dal.csproj", "{E0C53739-600E-4095-A6D2-73D7197868AF}"
EndProject
Project("{FAE04EC0-301F-11D3-BF4B-00C04F79EFBC}") = "Daisy.Contracts", "Source\Daisy.Contracts\Daisy.Contracts.csproj", "{57466156-478C-4BF5-8F8F-2E40A6902C93}"
EndProject
Project("{FAE04EC0-301F-11D3-BF4B-00C04F79EFBC}") = "Daisy.ServiceProvider", "Source\Daisy.ServiceProvider\Daisy.ServiceProvider.csproj", "{48DF9EE7-DB37-4503-AD14-41F406055FF6}"
EndProject
Project("{FAE04EC0-301F-11D3-BF4B-00C04F79EFBC}") = "Daisy.Tests", "Source\Daisy.Tests\Daisy.Tests.csproj", "{74C97ACF-F030-470C-B644-755D315F4F7B}"
EndProject
Project("{FAE04EC0-301F-11D3-BF4B-00C04F79EFBC}") = "Daisy.BusinessLogic", "Source\Daisy.BusinessLogic\Daisy.BusinessLogic.csproj", "{25E2F17C-7C7E-4D0D-B1F0-BE9080B72640}"
EndProject
Project("{2150E333-8FDC-42A3-9474-1A3956D46DE8}") = "Client", "Client", "{0368F036-02D9-4743-92B0-6288261CE162}"
EndProject
Project("{2150E333-8FDC-42A3-9474-1A3956D46DE8}") = "Server", "Server", "{05B0BA80-164C-4CEA-AE59-36925FC2F86A}"
EndProject
Project("{FAE04EC0-301F-11D3-BF4B-00C04F79EFBC}") = "Daisy.WebService", "Source\Daisy.WebService\Daisy.WebService.csproj", "{2081793F-4EE2-42C3-975B-A2C4E80509FA}"
EndProject
Project("{FAE04EC0-301F-11D3-BF4B-00C04F79EFBC}") = "Daisy.WebServiceProvider", "Source\Daisy.WebServiceProvider\Daisy.WebServiceProvider.csproj", "{8FB21D91-9315-49DD-B600-2ECB06795F13}"
EndProject
Global
	GlobalSection(SolutionConfigurationPlatforms) = preSolution
		Debug|Any CPU = Debug|Any CPU
		Debug|Mixed Platforms = Debug|Mixed Platforms
		Debug|x86 = Debug|x86
		Release|Any CPU = Release|Any CPU
		Release|Mixed Platforms = Release|Mixed Platforms
		Release|x86 = Release|x86
	EndGlobalSection
	GlobalSection(ProjectConfigurationPlatforms) = postSolution
		{2B83F210-EA32-4176-82C8-BCF60845E948}.Debug|Any CPU.ActiveCfg = Debug|Any CPU
		{2B83F210-EA32-4176-82C8-BCF60845E948}.Debug|Any CPU.Build.0 = Debug|Any CPU
		{2B83F210-EA32-4176-82C8-BCF60845E948}.Debug|Mixed Platforms.ActiveCfg = Debug|Any CPU
		{2B83F210-EA32-4176-82C8-BCF60845E948}.Debug|Mixed Platforms.Build.0 = Debug|Any CPU
		{2B83F210-EA32-4176-82C8-BCF60845E948}.Debug|x86.ActiveCfg = Debug|Any CPU
		{2B83F210-EA32-4176-82C8-BCF60845E948}.Release|Any CPU.ActiveCfg = Release|Any CPU
		{2B83F210-EA32-4176-82C8-BCF60845E948}.Release|Any CPU.Build.0 = Release|Any CPU
		{2B83F210-EA32-4176-82C8-BCF60845E948}.Release|Mixed Platforms.ActiveCfg = Release|Any CPU
		{2B83F210-EA32-4176-82C8-BCF60845E948}.Release|Mixed Platforms.Build.0 = Release|Any CPU
		{2B83F210-EA32-4176-82C8-BCF60845E948}.Release|x86.ActiveCfg = Release|Any CPU
		{64D76C5D-F56F-4732-B100-FA1CA4AB2DA8}.Debug|Any CPU.ActiveCfg = Debug|Any CPU
		{64D76C5D-F56F-4732-B100-FA1CA4AB2DA8}.Debug|Any CPU.Build.0 = Debug|Any CPU
		{64D76C5D-F56F-4732-B100-FA1CA4AB2DA8}.Debug|Mixed Platforms.ActiveCfg = Debug|Any CPU
		{64D76C5D-F56F-4732-B100-FA1CA4AB2DA8}.Debug|Mixed Platforms.Build.0 = Debug|Any CPU
		{64D76C5D-F56F-4732-B100-FA1CA4AB2DA8}.Debug|x86.ActiveCfg = Debug|Any CPU
		{64D76C5D-F56F-4732-B100-FA1CA4AB2DA8}.Release|Any CPU.ActiveCfg = Release|Any CPU
		{64D76C5D-F56F-4732-B100-FA1CA4AB2DA8}.Release|Any CPU.Build.0 = Release|Any CPU
		{64D76C5D-F56F-4732-B100-FA1CA4AB2DA8}.Release|Mixed Platforms.ActiveCfg = Release|Any CPU
		{64D76C5D-F56F-4732-B100-FA1CA4AB2DA8}.Release|Mixed Platforms.Build.0 = Release|Any CPU
		{64D76C5D-F56F-4732-B100-FA1CA4AB2DA8}.Release|x86.ActiveCfg = Release|Any CPU
		{C8B30FCE-F41A-47B8-99D1-F342938B3245}.Debug|Any CPU.ActiveCfg = Debug|Any CPU
		{C8B30FCE-F41A-47B8-99D1-F342938B3245}.Debug|Any CPU.Build.0 = Debug|Any CPU
		{C8B30FCE-F41A-47B8-99D1-F342938B3245}.Debug|Mixed Platforms.ActiveCfg = Debug|Any CPU
		{C8B30FCE-F41A-47B8-99D1-F342938B3245}.Debug|Mixed Platforms.Build.0 = Debug|Any CPU
		{C8B30FCE-F41A-47B8-99D1-F342938B3245}.Debug|x86.ActiveCfg = Debug|Any CPU
		{C8B30FCE-F41A-47B8-99D1-F342938B3245}.Release|Any CPU.ActiveCfg = Release|Any CPU
		{C8B30FCE-F41A-47B8-99D1-F342938B3245}.Release|Any CPU.Build.0 = Release|Any CPU
		{C8B30FCE-F41A-47B8-99D1-F342938B3245}.Release|Mixed Platforms.ActiveCfg = Release|Any CPU
		{C8B30FCE-F41A-47B8-99D1-F342938B3245}.Release|Mixed Platforms.Build.0 = Release|Any CPU
		{C8B30FCE-F41A-47B8-99D1-F342938B3245}.Release|x86.ActiveCfg = Release|Any CPU
		{E0C53739-600E-4095-A6D2-73D7197868AF}.Debug|Any CPU.ActiveCfg = Debug|Any CPU
		{E0C53739-600E-4095-A6D2-73D7197868AF}.Debug|Any CPU.Build.0 = Debug|Any CPU
		{E0C53739-600E-4095-A6D2-73D7197868AF}.Debug|Mixed Platforms.ActiveCfg = Debug|Any CPU
		{E0C53739-600E-4095-A6D2-73D7197868AF}.Debug|Mixed Platforms.Build.0 = Debug|Any CPU
		{E0C53739-600E-4095-A6D2-73D7197868AF}.Debug|x86.ActiveCfg = Debug|Any CPU
		{E0C53739-600E-4095-A6D2-73D7197868AF}.Release|Any CPU.ActiveCfg = Release|Any CPU
		{E0C53739-600E-4095-A6D2-73D7197868AF}.Release|Any CPU.Build.0 = Release|Any CPU
		{E0C53739-600E-4095-A6D2-73D7197868AF}.Release|Mixed Platforms.ActiveCfg = Release|Any CPU
		{E0C53739-600E-4095-A6D2-73D7197868AF}.Release|Mixed Platforms.Build.0 = Release|Any CPU
		{E0C53739-600E-4095-A6D2-73D7197868AF}.Release|x86.ActiveCfg = Release|Any CPU
		{57466156-478C-4BF5-8F8F-2E40A6902C93}.Debug|Any CPU.ActiveCfg = Debug|Any CPU
		{57466156-478C-4BF5-8F8F-2E40A6902C93}.Debug|Any CPU.Build.0 = Debug|Any CPU
		{57466156-478C-4BF5-8F8F-2E40A6902C93}.Debug|Mixed Platforms.ActiveCfg = Debug|Any CPU
		{57466156-478C-4BF5-8F8F-2E40A6902C93}.Debug|Mixed Platforms.Build.0 = Debug|Any CPU
		{57466156-478C-4BF5-8F8F-2E40A6902C93}.Debug|x86.ActiveCfg = Debug|Any CPU
		{57466156-478C-4BF5-8F8F-2E40A6902C93}.Release|Any CPU.ActiveCfg = Release|Any CPU
		{57466156-478C-4BF5-8F8F-2E40A6902C93}.Release|Any CPU.Build.0 = Release|Any CPU
		{57466156-478C-4BF5-8F8F-2E40A6902C93}.Release|Mixed Platforms.ActiveCfg = Release|Any CPU
		{57466156-478C-4BF5-8F8F-2E40A6902C93}.Release|Mixed Platforms.Build.0 = Release|Any CPU
		{57466156-478C-4BF5-8F8F-2E40A6902C93}.Release|x86.ActiveCfg = Release|Any CPU
		{48DF9EE7-DB37-4503-AD14-41F406055FF6}.Debug|Any CPU.ActiveCfg = Debug|Any CPU
		{48DF9EE7-DB37-4503-AD14-41F406055FF6}.Debug|Any CPU.Build.0 = Debug|Any CPU
		{48DF9EE7-DB37-4503-AD14-41F406055FF6}.Debug|Mixed Platforms.ActiveCfg = Debug|Any CPU
		{48DF9EE7-DB37-4503-AD14-41F406055FF6}.Debug|Mixed Platforms.Build.0 = Debug|Any CPU
		{48DF9EE7-DB37-4503-AD14-41F406055FF6}.Debug|x86.ActiveCfg = Debug|Any CPU
		{48DF9EE7-DB37-4503-AD14-41F406055FF6}.Release|Any CPU.ActiveCfg = Release|Any CPU
		{48DF9EE7-DB37-4503-AD14-41F406055FF6}.Release|Any CPU.Build.0 = Release|Any CPU
		{48DF9EE7-DB37-4503-AD14-41F406055FF6}.Release|Mixed Platforms.ActiveCfg = Release|Any CPU
		{48DF9EE7-DB37-4503-AD14-41F406055FF6}.Release|Mixed Platforms.Build.0 = Release|Any CPU
		{48DF9EE7-DB37-4503-AD14-41F406055FF6}.Release|x86.ActiveCfg = Release|Any CPU
		{74C97ACF-F030-470C-B644-755D315F4F7B}.Debug|Any CPU.ActiveCfg = Debug|Any CPU
		{74C97ACF-F030-470C-B644-755D315F4F7B}.Debug|Any CPU.Build.0 = Debug|Any CPU
		{74C97ACF-F030-470C-B644-755D315F4F7B}.Debug|Mixed Platforms.ActiveCfg = Debug|Any CPU
		{74C97ACF-F030-470C-B644-755D315F4F7B}.Debug|Mixed Platforms.Build.0 = Debug|Any CPU
		{74C97ACF-F030-470C-B644-755D315F4F7B}.Debug|x86.ActiveCfg = Debug|Any CPU
		{74C97ACF-F030-470C-B644-755D315F4F7B}.Release|Any CPU.ActiveCfg = Release|Any CPU
		{74C97ACF-F030-470C-B644-755D315F4F7B}.Release|Any CPU.Build.0 = Release|Any CPU
		{74C97ACF-F030-470C-B644-755D315F4F7B}.Release|Mixed Platforms.ActiveCfg = Release|Any CPU
		{74C97ACF-F030-470C-B644-755D315F4F7B}.Release|Mixed Platforms.Build.0 = Release|Any CPU
		{74C97ACF-F030-470C-B644-755D315F4F7B}.Release|x86.ActiveCfg = Release|Any CPU
		{25E2F17C-7C7E-4D0D-B1F0-BE9080B72640}.Debug|Any CPU.ActiveCfg = Debug|Any CPU
		{25E2F17C-7C7E-4D0D-B1F0-BE9080B72640}.Debug|Any CPU.Build.0 = Debug|Any CPU
		{25E2F17C-7C7E-4D0D-B1F0-BE9080B72640}.Debug|Mixed Platforms.ActiveCfg = Debug|Any CPU
		{25E2F17C-7C7E-4D0D-B1F0-BE9080B72640}.Debug|Mixed Platforms.Build.0 = Debug|Any CPU
		{25E2F17C-7C7E-4D0D-B1F0-BE9080B72640}.Debug|x86.ActiveCfg = Debug|Any CPU
		{25E2F17C-7C7E-4D0D-B1F0-BE9080B72640}.Release|Any CPU.ActiveCfg = Release|Any CPU
		{25E2F17C-7C7E-4D0D-B1F0-BE9080B72640}.Release|Any CPU.Build.0 = Release|Any CPU
		{25E2F17C-7C7E-4D0D-B1F0-BE9080B72640}.Release|Mixed Platforms.ActiveCfg = Release|Any CPU
		{25E2F17C-7C7E-4D0D-B1F0-BE9080B72640}.Release|Mixed Platforms.Build.0 = Release|Any CPU
		{25E2F17C-7C7E-4D0D-B1F0-BE9080B72640}.Release|x86.ActiveCfg = Release|Any CPU
		{2081793F-4EE2-42C3-975B-A2C4E80509FA}.Debug|Any CPU.ActiveCfg = Debug|Any CPU
		{2081793F-4EE2-42C3-975B-A2C4E80509FA}.Debug|Any CPU.Build.0 = Debug|Any CPU
		{2081793F-4EE2-42C3-975B-A2C4E80509FA}.Debug|Mixed Platforms.ActiveCfg = Debug|Any CPU
		{2081793F-4EE2-42C3-975B-A2C4E80509FA}.Debug|Mixed Platforms.Build.0 = Debug|Any CPU
		{2081793F-4EE2-42C3-975B-A2C4E80509FA}.Debug|x86.ActiveCfg = Debug|Any CPU
		{2081793F-4EE2-42C3-975B-A2C4E80509FA}.Release|Any CPU.ActiveCfg = Release|Any CPU
		{2081793F-4EE2-42C3-975B-A2C4E80509FA}.Release|Any CPU.Build.0 = Release|Any CPU
		{2081793F-4EE2-42C3-975B-A2C4E80509FA}.Release|Mixed Platforms.ActiveCfg = Release|Any CPU
		{2081793F-4EE2-42C3-975B-A2C4E80509FA}.Release|Mixed Platforms.Build.0 = Release|Any CPU
		{2081793F-4EE2-42C3-975B-A2C4E80509FA}.Release|x86.ActiveCfg = Release|Any CPU
		{8FB21D91-9315-49DD-B600-2ECB06795F13}.Debug|Any CPU.ActiveCfg = Debug|Any CPU
		{8FB21D91-9315-49DD-B600-2ECB06795F13}.Debug|Any CPU.Build.0 = Debug|Any CPU
		{8FB21D91-9315-49DD-B600-2ECB06795F13}.Debug|Mixed Platforms.ActiveCfg = Debug|Any CPU
		{8FB21D91-9315-49DD-B600-2ECB06795F13}.Debug|Mixed Platforms.Build.0 = Debug|Any CPU
		{8FB21D91-9315-49DD-B600-2ECB06795F13}.Debug|x86.ActiveCfg = Debug|Any CPU
		{8FB21D91-9315-49DD-B600-2ECB06795F13}.Release|Any CPU.ActiveCfg = Release|Any CPU
		{8FB21D91-9315-49DD-B600-2ECB06795F13}.Release|Any CPU.Build.0 = Release|Any CPU
		{8FB21D91-9315-49DD-B600-2ECB06795F13}.Release|Mixed Platforms.ActiveCfg = Release|Any CPU
		{8FB21D91-9315-49DD-B600-2ECB06795F13}.Release|Mixed Platforms.Build.0 = Release|Any CPU
		{8FB21D91-9315-49DD-B600-2ECB06795F13}.Release|x86.ActiveCfg = Release|Any CPU
	EndGlobalSection
	GlobalSection(SolutionProperties) = preSolution
		HideSolutionNode = FALSE
	EndGlobalSection
	GlobalSection(NestedProjects) = preSolution
		{25E2F17C-7C7E-4D0D-B1F0-BE9080B72640} = {0368F036-02D9-4743-92B0-6288261CE162}
		{2B83F210-EA32-4176-82C8-BCF60845E948} = {0368F036-02D9-4743-92B0-6288261CE162}
		{C8B30FCE-F41A-47B8-99D1-F342938B3245} = {05B0BA80-164C-4CEA-AE59-36925FC2F86A}
		{E0C53739-600E-4095-A6D2-73D7197868AF} = {05B0BA80-164C-4CEA-AE59-36925FC2F86A}
		{57466156-478C-4BF5-8F8F-2E40A6902C93} = {05B0BA80-164C-4CEA-AE59-36925FC2F86A}
		{48DF9EE7-DB37-4503-AD14-41F406055FF6} = {05B0BA80-164C-4CEA-AE59-36925FC2F86A}
		{64D76C5D-F56F-4732-B100-FA1CA4AB2DA8} = {05B0BA80-164C-4CEA-AE59-36925FC2F86A}
		{2081793F-4EE2-42C3-975B-A2C4E80509FA} = {05B0BA80-164C-4CEA-AE59-36925FC2F86A}
		{8FB21D91-9315-49DD-B600-2ECB06795F13} = {05B0BA80-164C-4CEA-AE59-36925FC2F86A}
	EndGlobalSection
EndGlobal
